
Microsoft Visual Studio Solution File, Format Version 12.00
# Visual Studio Version 16
VisualStudioVersion = 16.0.29609.76
MinimumVisualStudioVersion = 10.0.40219.1
Project("{FAE04EC0-301F-11D3-BF4B-00C04F79EFBC}") = "Frontend", "Frontend\Frontend.csproj", "{C3AB503B-5F1A-40BF-A9AC-2DF2C1B0AF0D}"
EndProject
Project("{FAE04EC0-301F-11D3-BF4B-00C04F79EFBC}") = "ClassLibrary", "ClassLibrary\ClassLibrary.csproj", "{9CCEC2EA-9CA5-4CA1-AFD1-EA10856462CE}"
EndProject
Global
	GlobalSection(SolutionConfigurationPlatforms) = preSolution
		Debug|Any CPU = Debug|Any CPU
		Release|Any CPU = Release|Any CPU
	EndGlobalSection
	GlobalSection(ProjectConfigurationPlatforms) = postSolution
		{C3AB503B-5F1A-40BF-A9AC-2DF2C1B0AF0D}.Debug|Any CPU.ActiveCfg = Debug|Any CPU
		{C3AB503B-5F1A-40BF-A9AC-2DF2C1B0AF0D}.Debug|Any CPU.Build.0 = Debug|Any CPU
		{C3AB503B-5F1A-40BF-A9AC-2DF2C1B0AF0D}.Release|Any CPU.ActiveCfg = Release|Any CPU
		{C3AB503B-5F1A-40BF-A9AC-2DF2C1B0AF0D}.Release|Any CPU.Build.0 = Release|Any CPU
		{9CCEC2EA-9CA5-4CA1-AFD1-EA10856462CE}.Debug|Any CPU.ActiveCfg = Debug|Any CPU
		{9CCEC2EA-9CA5-4CA1-AFD1-EA10856462CE}.Debug|Any CPU.Build.0 = Debug|Any CPU
		{9CCEC2EA-9CA5-4CA1-AFD1-EA10856462CE}.Release|Any CPU.ActiveCfg = Release|Any CPU
		{9CCEC2EA-9CA5-4CA1-AFD1-EA10856462CE}.Release|Any CPU.Build.0 = Release|Any CPU
	EndGlobalSection
	GlobalSection(SolutionProperties) = preSolution
		HideSolutionNode = FALSE
	EndGlobalSection
	GlobalSection(ExtensibilityGlobals) = postSolution
		SolutionGuid = {7D446FB4-30E0-4EB6-B535-67FC5E7A4186}
	EndGlobalSection
EndGlobal
